// !$*UTF8*$!
{
	archiveVersion = 1;
	classes = {
	};
	objectVersion = 50;
	objects = {

/* Begin PBXBuildFile section */
		490173FB210FBEF1003F9211 /* RxSwift.framework in Frameworks */ = {isa = PBXBuildFile; fileRef = 490173FA210FBEF1003F9211 /* RxSwift.framework */; };
		49577FC1210FBB140027DBED /* AppDelegate.swift in Sources */ = {isa = PBXBuildFile; fileRef = 49577FC0210FBB140027DBED /* AppDelegate.swift */; };
		49577FC3210FBB140027DBED /* ViewController.swift in Sources */ = {isa = PBXBuildFile; fileRef = 49577FC2210FBB140027DBED /* ViewController.swift */; };
		49577FC6210FBB140027DBED /* Main.storyboard in Resources */ = {isa = PBXBuildFile; fileRef = 49577FC4210FBB140027DBED /* Main.storyboard */; };
		49577FC8210FBB150027DBED /* Assets.xcassets in Resources */ = {isa = PBXBuildFile; fileRef = 49577FC7210FBB150027DBED /* Assets.xcassets */; };
		49577FCB210FBB150027DBED /* LaunchScreen.storyboard in Resources */ = {isa = PBXBuildFile; fileRef = 49577FC9210FBB150027DBED /* LaunchScreen.storyboard */; };
		49577FD3210FBB5D0027DBED /* http.swift in Sources */ = {isa = PBXBuildFile; fileRef = 49577FD2210FBB5D0027DBED /* http.swift */; };
/* End PBXBuildFile section */

/* Begin PBXFileReference section */
		490173FA210FBEF1003F9211 /* RxSwift.framework */ = {isa = PBXFileReference; lastKnownFileType = wrapper.framework; name = RxSwift.framework; path = Carthage/Build/iOS/RxSwift.framework; sourceTree = "<group>"; };
		49577FBD210FBB140027DBED /* RxHTTP.app */ = {isa = PBXFileReference; explicitFileType = wrapper.application; includeInIndex = 0; path = RxHTTP.app; sourceTree = BUILT_PRODUCTS_DIR; };
		49577FC0210FBB140027DBED /* AppDelegate.swift */ = {isa = PBXFileReference; lastKnownFileType = sourcecode.swift; path = AppDelegate.swift; sourceTree = "<group>"; };
		49577FC2210FBB140027DBED /* ViewController.swift */ = {isa = PBXFileReference; lastKnownFileType = sourcecode.swift; path = ViewController.swift; sourceTree = "<group>"; };
		49577FC5210FBB140027DBED /* Base */ = {isa = PBXFileReference; lastKnownFileType = file.storyboard; name = Base; path = Base.lproj/Main.storyboard; sourceTree = "<group>"; };
		49577FC7210FBB150027DBED /* Assets.xcassets */ = {isa = PBXFileReference; lastKnownFileType = folder.assetcatalog; path = Assets.xcassets; sourceTree = "<group>"; };
		49577FCA210FBB150027DBED /* Base */ = {isa = PBXFileReference; lastKnownFileType = file.storyboard; name = Base; path = Base.lproj/LaunchScreen.storyboard; sourceTree = "<group>"; };
		49577FCC210FBB150027DBED /* Info.plist */ = {isa = PBXFileReference; lastKnownFileType = text.plist.xml; path = Info.plist; sourceTree = "<group>"; };
		49577FD2210FBB5D0027DBED /* http.swift */ = {isa = PBXFileReference; lastKnownFileType = sourcecode.swift; path = http.swift; sourceTree = "<group>"; };
/* End PBXFileReference section */

/* Begin PBXFrameworksBuildPhase section */
		49577FBA210FBB140027DBED /* Frameworks */ = {
			isa = PBXFrameworksBuildPhase;
			buildActionMask = 2147483647;
			files = (
				490173FB210FBEF1003F9211 /* RxSwift.framework in Frameworks */,
			);
			runOnlyForDeploymentPostprocessing = 0;
		};
/* End PBXFrameworksBuildPhase section */

/* Begin PBXGroup section */
		490173F9210FBEF1003F9211 /* Frameworks */ = {
			isa = PBXGroup;
			children = (
				490173FA210FBEF1003F9211 /* RxSwift.framework */,
			);
			name = Frameworks;
			sourceTree = "<group>";
		};
		49577FB4210FBB140027DBED = {
			isa = PBXGroup;
			children = (
				49577FBF210FBB140027DBED /* RxHTTP */,
				49577FBE210FBB140027DBED /* Products */,
				490173F9210FBEF1003F9211 /* Frameworks */,
			);
			sourceTree = "<group>";
		};
		49577FBE210FBB140027DBED /* Products */ = {
			isa = PBXGroup;
			children = (
				49577FBD210FBB140027DBED /* RxHTTP.app */,
			);
			name = Products;
			sourceTree = "<group>";
		};
		49577FBF210FBB140027DBED /* RxHTTP */ = {
			isa = PBXGroup;
			children = (
				49577FC0210FBB140027DBED /* AppDelegate.swift */,
				49577FC2210FBB140027DBED /* ViewController.swift */,
				49577FC4210FBB140027DBED /* Main.storyboard */,
				49577FC7210FBB150027DBED /* Assets.xcassets */,
				49577FC9210FBB150027DBED /* LaunchScreen.storyboard */,
				49577FCC210FBB150027DBED /* Info.plist */,
				49577FD2210FBB5D0027DBED /* http.swift */,
			);
			path = RxHTTP;
			sourceTree = "<group>";
		};
/* End PBXGroup section */

/* Begin PBXNativeTarget section */
		49577FBC210FBB140027DBED /* RxHTTP */ = {
			isa = PBXNativeTarget;
			buildConfigurationList = 49577FCF210FBB150027DBED /* Build configuration list for PBXNativeTarget "RxHTTP" */;
			buildPhases = (
				49577FB9210FBB140027DBED /* Sources */,
				49577FBA210FBB140027DBED /* Frameworks */,
				49577FBB210FBB140027DBED /* Resources */,
				490173FC210FBF29003F9211 /* ShellScript */,
			);
			buildRules = (
			);
			dependencies = (
			);
			name = RxHTTP;
			productName = RxHTTP;
			productReference = 49577FBD210FBB140027DBED /* RxHTTP.app */;
			productType = "com.apple.product-type.application";
		};
/* End PBXNativeTarget section */

/* Begin PBXProject section */
		49577FB5210FBB140027DBED /* Project object */ = {
			isa = PBXProject;
			attributes = {
				LastSwiftUpdateCheck = 0940;
				LastUpgradeCheck = 0940;
				ORGANIZATIONNAME = "Bibhas Bhattacharya";
				TargetAttributes = {
					49577FBC210FBB140027DBED = {
						CreatedOnToolsVersion = 9.4.1;
					};
				};
			};
			buildConfigurationList = 49577FB8210FBB140027DBED /* Build configuration list for PBXProject "RxHTTP" */;
			compatibilityVersion = "Xcode 9.3";
			developmentRegion = en;
			hasScannedForEncodings = 0;
			knownRegions = (
				en,
				Base,
			);
			mainGroup = 49577FB4210FBB140027DBED;
			productRefGroup = 49577FBE210FBB140027DBED /* Products */;
			projectDirPath = "";
			projectRoot = "";
			targets = (
				49577FBC210FBB140027DBED /* RxHTTP */,
			);
		};
/* End PBXProject section */

/* Begin PBXResourcesBuildPhase section */
		49577FBB210FBB140027DBED /* Resources */ = {
			isa = PBXResourcesBuildPhase;
			buildActionMask = 2147483647;
			files = (
				49577FCB210FBB150027DBED /* LaunchScreen.storyboard in Resources */,
				49577FC8210FBB150027DBED /* Assets.xcassets in Resources */,
				49577FC6210FBB140027DBED /* Main.storyboard in Resources */,
			);
			runOnlyForDeploymentPostprocessing = 0;
		};
/* End PBXResourcesBuildPhase section */

/* Begin PBXShellScriptBuildPhase section */
		490173FC210FBF29003F9211 /* ShellScript */ = {
			isa = PBXShellScriptBuildPhase;
			buildActionMask = 2147483647;
			files = (
			);
			inputPaths = (
				"$(SRCROOT)/Carthage/Build/iOS/RxSwift.framework",
			);
			outputPaths = (
			);
			runOnlyForDeploymentPostprocessing = 0;
			shellPath = /bin/sh;
			shellScript = "/usr/local/bin/carthage copy-frameworks";
		};
/* End PBXShellScriptBuildPhase section */

/* Begin PBXSourcesBuildPhase section */
		49577FB9210FBB140027DBED /* Sources */ = {
			isa = PBXSourcesBuildPhase;
			buildActionMask = 2147483647;
			files = (
				49577FC3210FBB140027DBED /* ViewController.swift in Sources */,
				49577FC1210FBB140027DBED /* AppDelegate.swift in Sources */,
				49577FD3210FBB5D0027DBED /* http.swift in Sources */,
			);
			runOnlyForDeploymentPostprocessing = 0;
		};
/* End PBXSourcesBuildPhase section */

/* Begin PBXVariantGroup section */
		49577FC4210FBB140027DBED /* Main.storyboard */ = {
			isa = PBXVariantGroup;
			children = (
				49577FC5210FBB140027DBED /* Base */,
			);
			name = Main.storyboard;
			sourceTree = "<group>";
		};
		49577FC9210FBB150027DBED /* LaunchScreen.storyboard */ = {
			isa = PBXVariantGroup;
			children = (
				49577FCA210FBB150027DBED /* Base */,
			);
			name = LaunchScreen.storyboard;
			sourceTree = "<group>";
		};
/* End PBXVariantGroup section */

/* Begin XCBuildConfiguration section */
		49577FCD210FBB150027DBED /* Debug */ = {
			isa = XCBuildConfiguration;
			buildSettings = {
				ALWAYS_SEARCH_USER_PATHS = NO;
				CLANG_ANALYZER_NONNULL = YES;
				CLANG_ANALYZER_NUMBER_OBJECT_CONVERSION = YES_AGGRESSIVE;
				CLANG_CXX_LANGUAGE_STANDARD = "gnu++14";
				CLANG_CXX_LIBRARY = "libc++";
				CLANG_ENABLE_MODULES = YES;
				CLANG_ENABLE_OBJC_ARC = YES;
				CLANG_ENABLE_OBJC_WEAK = YES;
				CLANG_WARN_BLOCK_CAPTURE_AUTORELEASING = YES;
				CLANG_WARN_BOOL_CONVERSION = YES;
				CLANG_WARN_COMMA = YES;
				CLANG_WARN_CONSTANT_CONVERSION = YES;
				CLANG_WARN_DEPRECATED_OBJC_IMPLEMENTATIONS = YES;
				CLANG_WARN_DIRECT_OBJC_ISA_USAGE = YES_ERROR;
				CLANG_WARN_DOCUMENTATION_COMMENTS = YES;
				CLANG_WARN_EMPTY_BODY = YES;
				CLANG_WARN_ENUM_CONVERSION = YES;
				CLANG_WARN_INFINITE_RECURSION = YES;
				CLANG_WARN_INT_CONVERSION = YES;
				CLANG_WARN_NON_LITERAL_NULL_CONVERSION = YES;
				CLANG_WARN_OBJC_IMPLICIT_RETAIN_SELF = YES;
				CLANG_WARN_OBJC_LITERAL_CONVERSION = YES;
				CLANG_WARN_OBJC_ROOT_CLASS = YES_ERROR;
				CLANG_WARN_RANGE_LOOP_ANALYSIS = YES;
				CLANG_WARN_STRICT_PROTOTYPES = YES;
				CLANG_WARN_SUSPICIOUS_MOVE = YES;
				CLANG_WARN_UNGUARDED_AVAILABILITY = YES_AGGRESSIVE;
				CLANG_WARN_UNREACHABLE_CODE = YES;
				CLANG_WARN__DUPLICATE_METHOD_MATCH = YES;
				CODE_SIGN_IDENTITY = "iPhone Developer";
				COPY_PHASE_STRIP = NO;
				DEBUG_INFORMATION_FORMAT = dwarf;
				ENABLE_STRICT_OBJC_MSGSEND = YES;
				ENABLE_TESTABILITY = YES;
				GCC_C_LANGUAGE_STANDARD = gnu11;
				GCC_DYNAMIC_NO_PIC = NO;
				GCC_NO_COMMON_BLOCKS = YES;
				GCC_OPTIMIZATION_LEVEL = 0;
				GCC_PREPROCESSOR_DEFINITIONS = (
					"DEBUG=1",
					"$(inherited)",
				);
				GCC_WARN_64_TO_32_BIT_CONVERSION = YES;
				GCC_WARN_ABOUT_RETURN_TYPE = YES_ERROR;
				GCC_WARN_UNDECLARED_SELECTOR = YES;
				GCC_WARN_UNINITIALIZED_AUTOS = YES_AGGRESSIVE;
				GCC_WARN_UNUSED_FUNCTION = YES;
				GCC_WARN_UNUSED_VARIABLE = YES;
				IPHONEOS_DEPLOYMENT_TARGET = 11.4;
				MTL_ENABLE_DEBUG_INFO = YES;
				ONLY_ACTIVE_ARCH = YES;
				SDKROOT = iphoneos;
				SWIFT_ACTIVE_COMPILATION_CONDITIONS = DEBUG;
				SWIFT_OPTIMIZATION_LEVEL = "-Onone";
			};
			name = Debug;
		};
		49577FCE210FBB150027DBED /* Release */ = {
			isa = XCBuildConfiguration;
			buildSettings = {
				ALWAYS_SEARCH_USER_PATHS = NO;
				CLANG_ANALYZER_NONNULL = YES;
				CLANG_ANALYZER_NUMBER_OBJECT_CONVERSION = YES_AGGRESSIVE;
				CLANG_CXX_LANGUAGE_STANDARD = "gnu++14";
				CLANG_CXX_LIBRARY = "libc++";
				CLANG_ENABLE_MODULES = YES;
				CLANG_ENABLE_OBJC_ARC = YES;
				CLANG_ENABLE_OBJC_WEAK = YES;
				CLANG_WARN_BLOCK_CAPTURE_AUTORELEASING = YES;
				CLANG_WARN_BOOL_CONVERSION = YES;
				CLANG_WARN_COMMA = YES;
				CLANG_WARN_CONSTANT_CONVERSION = YES;
				CLANG_WARN_DEPRECATED_OBJC_IMPLEMENTATIONS = YES;
				CLANG_WARN_DIRECT_OBJC_ISA_USAGE = YES_ERROR;
				CLANG_WARN_DOCUMENTATION_COMMENTS = YES;
				CLANG_WARN_EMPTY_BODY = YES;
				CLANG_WARN_ENUM_CONVERSION = YES;
				CLANG_WARN_INFINITE_RECURSION = YES;
				CLANG_WARN_INT_CONVERSION = YES;
				CLANG_WARN_NON_LITERAL_NULL_CONVERSION = YES;
				CLANG_WARN_OBJC_IMPLICIT_RETAIN_SELF = YES;
				CLANG_WARN_OBJC_LITERAL_CONVERSION = YES;
				CLANG_WARN_OBJC_ROOT_CLASS = YES_ERROR;
				CLANG_WARN_RANGE_LOOP_ANALYSIS = YES;
				CLANG_WARN_STRICT_PROTOTYPES = YES;
				CLANG_WARN_SUSPICIOUS_MOVE = YES;
				CLANG_WARN_UNGUARDED_AVAILABILITY = YES_AGGRESSIVE;
				CLANG_WARN_UNREACHABLE_CODE = YES;
				CLANG_WARN__DUPLICATE_METHOD_MATCH = YES;
				CODE_SIGN_IDENTITY = "iPhone Developer";
				COPY_PHASE_STRIP = NO;
				DEBUG_INFORMATION_FORMAT = "dwarf-with-dsym";
				ENABLE_NS_ASSERTIONS = NO;
				ENABLE_STRICT_OBJC_MSGSEND = YES;
				GCC_C_LANGUAGE_STANDARD = gnu11;
				GCC_NO_COMMON_BLOCKS = YES;
				GCC_WARN_64_TO_32_BIT_CONVERSION = YES;
				GCC_WARN_ABOUT_RETURN_TYPE = YES_ERROR;
				GCC_WARN_UNDECLARED_SELECTOR = YES;
				GCC_WARN_UNINITIALIZED_AUTOS = YES_AGGRESSIVE;
				GCC_WARN_UNUSED_FUNCTION = YES;
				GCC_WARN_UNUSED_VARIABLE = YES;
				IPHONEOS_DEPLOYMENT_TARGET = 11.4;
				MTL_ENABLE_DEBUG_INFO = NO;
				SDKROOT = iphoneos;
				SWIFT_COMPILATION_MODE = wholemodule;
				SWIFT_OPTIMIZATION_LEVEL = "-O";
				VALIDATE_PRODUCT = YES;
			};
			name = Release;
		};
		49577FD0210FBB150027DBED /* Debug */ = {
			isa = XCBuildConfiguration;
			buildSettings = {
				ASSETCATALOG_COMPILER_APPICON_NAME = AppIcon;
				CODE_SIGN_STYLE = Manual;
				DEVELOPMENT_TEAM = "";
				FRAMEWORK_SEARCH_PATHS = (
					"$(inherited)",
					"$(PROJECT_DIR)/Carthage/Build/iOS",
				);
				INFOPLIST_FILE = RxHTTP/Info.plist;
				LD_RUNPATH_SEARCH_PATHS = (
					"$(inherited)",
					"@executable_path/Frameworks",
				);
				PRODUCT_BUNDLE_IDENTIFIER = com.rccl.RxHTTP;
				PRODUCT_NAME = "$(TARGET_NAME)";
				PROVISIONING_PROFILE_SPECIFIER = "";
				SWIFT_VERSION = 4.0;
				TARGETED_DEVICE_FAMILY = "1,2";
			};
			name = Debug;
		};
		49577FD1210FBB150027DBED /* Release */ = {
			isa = XCBuildConfiguration;
			buildSettings = {
				ASSETCATALOG_COMPILER_APPICON_NAME = AppIcon;
				CODE_SIGN_STYLE = Manual;
				DEVELOPMENT_TEAM = "";
				FRAMEWORK_SEARCH_PATHS = (
					"$(inherited)",
					"$(PROJECT_DIR)/Carthage/Build/iOS",
				);
				INFOPLIST_FILE = RxHTTP/Info.plist;
				LD_RUNPATH_SEARCH_PATHS = (
					"$(inherited)",
					"@executable_path/Frameworks",
				);
				PRODUCT_BUNDLE_IDENTIFIER = com.rccl.RxHTTP;
				PRODUCT_NAME = "$(TARGET_NAME)";
				PROVISIONING_PROFILE_SPECIFIER = "";
				SWIFT_VERSION = 4.0;
				TARGETED_DEVICE_FAMILY = "1,2";
			};
			name = Release;
		};
/* End XCBuildConfiguration section */

/* Begin XCConfigurationList section */
		49577FB8210FBB140027DBED /* Build configuration list for PBXProject "RxHTTP" */ = {
			isa = XCConfigurationList;
			buildConfigurations = (
				49577FCD210FBB150027DBED /* Debug */,
				49577FCE210FBB150027DBED /* Release */,
			);
			defaultConfigurationIsVisible = 0;
			defaultConfigurationName = Release;
		};
		49577FCF210FBB150027DBED /* Build configuration list for PBXNativeTarget "RxHTTP" */ = {
			isa = XCConfigurationList;
			buildConfigurations = (
				49577FD0210FBB150027DBED /* Debug */,
				49577FD1210FBB150027DBED /* Release */,
			);
			defaultConfigurationIsVisible = 0;
			defaultConfigurationName = Release;
		};
/* End XCConfigurationList section */
	};
	rootObject = 49577FB5210FBB140027DBED /* Project object */;
}
